
Microsoft Visual Studio Solution File, Format Version 11.00
# Visual Studio 2010
Project("{FAE04EC0-301F-11D3-BF4B-00C04F79EFBC}") = "TestClrScript", "..\TestClrScript\TestClrScript.csproj", "{66A9BB91-94AE-4BEC-97F8-5028E1DFD710}"
EndProject
Project("{FAE04EC0-301F-11D3-BF4B-00C04F79EFBC}") = "ScriptLoader", "..\ScriptLoader\ScriptLoader.csproj", "{FE7A3DBB-AAD7-447E-A993-10451C53B6A5}"
EndProject
Project("{FAE04EC0-301F-11D3-BF4B-00C04F79EFBC}") = "LatencyMonitor", "..\LatencyMonitor\LatencyMonitor.csproj", "{51E6A159-1AD5-4C29-8663-A4F28AE8A3DF}"
EndProject
Project("{FAE04EC0-301F-11D3-BF4B-00C04F79EFBC}") = "ACR_HealthMonitor", "..\ACR_HealthMonitor\ACR_HealthMonitor.csproj", "{5250AC91-FA36-4FBD-AB54-5B86CD76EDD0}"
EndProject
Project("{FAE04EC0-301F-11D3-BF4B-00C04F79EFBC}") = "ACR_ServerCommunicator", "..\ACR_ServerCommunicator\ACR_ServerCommunicator.csproj", "{70C3C5E1-4A02-4206-86E9-C1FBEB167303}"
EndProject
Project("{FAE04EC0-301F-11D3-BF4B-00C04F79EFBC}") = "ACR_ServerMisc", "..\ACR_ServerMisc\ACR_ServerMisc.csproj", "{3046731E-6658-4868-8C67-F0BFEDAC41EB}"
EndProject
Global
	GlobalSection(SolutionConfigurationPlatforms) = preSolution
		Debug|Any CPU = Debug|Any CPU
		Release|Any CPU = Release|Any CPU
	EndGlobalSection
	GlobalSection(ProjectConfigurationPlatforms) = postSolution
		{66A9BB91-94AE-4BEC-97F8-5028E1DFD710}.Debug|Any CPU.ActiveCfg = Debug|Any CPU
		{66A9BB91-94AE-4BEC-97F8-5028E1DFD710}.Debug|Any CPU.Build.0 = Debug|Any CPU
		{66A9BB91-94AE-4BEC-97F8-5028E1DFD710}.Release|Any CPU.ActiveCfg = Release|Any CPU
		{66A9BB91-94AE-4BEC-97F8-5028E1DFD710}.Release|Any CPU.Build.0 = Release|Any CPU
		{FE7A3DBB-AAD7-447E-A993-10451C53B6A5}.Debug|Any CPU.ActiveCfg = Debug|Any CPU
		{FE7A3DBB-AAD7-447E-A993-10451C53B6A5}.Debug|Any CPU.Build.0 = Debug|Any CPU
		{FE7A3DBB-AAD7-447E-A993-10451C53B6A5}.Release|Any CPU.ActiveCfg = Release|Any CPU
		{FE7A3DBB-AAD7-447E-A993-10451C53B6A5}.Release|Any CPU.Build.0 = Release|Any CPU
		{51E6A159-1AD5-4C29-8663-A4F28AE8A3DF}.Debug|Any CPU.ActiveCfg = Debug|Any CPU
		{51E6A159-1AD5-4C29-8663-A4F28AE8A3DF}.Debug|Any CPU.Build.0 = Debug|Any CPU
		{51E6A159-1AD5-4C29-8663-A4F28AE8A3DF}.Release|Any CPU.ActiveCfg = Release|Any CPU
		{51E6A159-1AD5-4C29-8663-A4F28AE8A3DF}.Release|Any CPU.Build.0 = Release|Any CPU
		{5250AC91-FA36-4FBD-AB54-5B86CD76EDD0}.Debug|Any CPU.ActiveCfg = Debug|Any CPU
		{5250AC91-FA36-4FBD-AB54-5B86CD76EDD0}.Debug|Any CPU.Build.0 = Debug|Any CPU
		{5250AC91-FA36-4FBD-AB54-5B86CD76EDD0}.Release|Any CPU.ActiveCfg = Release|Any CPU
		{5250AC91-FA36-4FBD-AB54-5B86CD76EDD0}.Release|Any CPU.Build.0 = Release|Any CPU
		{70C3C5E1-4A02-4206-86E9-C1FBEB167303}.Debug|Any CPU.ActiveCfg = Debug|Any CPU
		{70C3C5E1-4A02-4206-86E9-C1FBEB167303}.Debug|Any CPU.Build.0 = Debug|Any CPU
		{70C3C5E1-4A02-4206-86E9-C1FBEB167303}.Release|Any CPU.ActiveCfg = Release|Any CPU
		{70C3C5E1-4A02-4206-86E9-C1FBEB167303}.Release|Any CPU.Build.0 = Release|Any CPU
		{3046731E-6658-4868-8C67-F0BFEDAC41EB}.Debug|Any CPU.ActiveCfg = Debug|Any CPU
		{3046731E-6658-4868-8C67-F0BFEDAC41EB}.Debug|Any CPU.Build.0 = Debug|Any CPU
		{3046731E-6658-4868-8C67-F0BFEDAC41EB}.Release|Any CPU.ActiveCfg = Release|Any CPU
		{3046731E-6658-4868-8C67-F0BFEDAC41EB}.Release|Any CPU.Build.0 = Release|Any CPU
	EndGlobalSection
	GlobalSection(SolutionProperties) = preSolution
		HideSolutionNode = FALSE
	EndGlobalSection
EndGlobal
