
Microsoft Visual Studio Solution File, Format Version 11.00
# Visual Studio 2010
Project("{FAE04EC0-301F-11D3-BF4B-00C04F79EFBC}") = "TestClrScript", "..\TestClrScript\TestClrScript.csproj", "{66A9BB91-94AE-4BEC-97F8-5028E1DFD710}"
EndProject
Global
	GlobalSection(SolutionConfigurationPlatforms) = preSolution
		Debug|Any CPU = Debug|Any CPU
		Release|Any CPU = Release|Any CPU
	EndGlobalSection
	GlobalSection(ProjectConfigurationPlatforms) = postSolution
		{66A9BB91-94AE-4BEC-97F8-5028E1DFD710}.Debug|Any CPU.ActiveCfg = Debug|Any CPU
		{66A9BB91-94AE-4BEC-97F8-5028E1DFD710}.Debug|Any CPU.Build.0 = Debug|Any CPU
		{66A9BB91-94AE-4BEC-97F8-5028E1DFD710}.Release|Any CPU.ActiveCfg = Release|Any CPU
		{66A9BB91-94AE-4BEC-97F8-5028E1DFD710}.Release|Any CPU.Build.0 = Release|Any CPU
	EndGlobalSection
	GlobalSection(SolutionProperties) = preSolution
		HideSolutionNode = FALSE
	EndGlobalSection
EndGlobal
