
Microsoft Visual Studio Solution File, Format Version 11.00
# Visual C# Express 2010
Project("{FAE04EC0-301F-11D3-BF4B-00C04F79EFBC}") = "TestClrScript", "..\TestClrScript\TestClrScript.csproj", "{66A9BB91-94AE-4BEC-97F8-5028E1DFD710}"
EndProject
Project("{FAE04EC0-301F-11D3-BF4B-00C04F79EFBC}") = "ScriptLoader", "..\ScriptLoader\ScriptLoader.csproj", "{FE7A3DBB-AAD7-447E-A993-10451C53B6A5}"
EndProject
Project("{FAE04EC0-301F-11D3-BF4B-00C04F79EFBC}") = "LatencyMonitor", "..\LatencyMonitor\LatencyMonitor.csproj", "{51E6A159-1AD5-4C29-8663-A4F28AE8A3DF}"
EndProject
Project("{FAE04EC0-301F-11D3-BF4B-00C04F79EFBC}") = "ACR_HealthMonitor", "..\ACR_HealthMonitor\ACR_HealthMonitor.csproj", "{5250AC91-FA36-4FBD-AB54-5B86CD76EDD0}"
EndProject
Project("{FAE04EC0-301F-11D3-BF4B-00C04F79EFBC}") = "ACR_ServerCommunicator", "..\ACR_ServerCommunicator\ACR_ServerCommunicator.csproj", "{70C3C5E1-4A02-4206-86E9-C1FBEB167303}"
EndProject
Project("{FAE04EC0-301F-11D3-BF4B-00C04F79EFBC}") = "ACR_ServerMisc", "..\ACR_ServerMisc\ACR_ServerMisc.csproj", "{3046731E-6658-4868-8C67-F0BFEDAC41EB}"
EndProject
Project("{FAE04EC0-301F-11D3-BF4B-00C04F79EFBC}") = "ACR_CreatureBehavior", "..\ACR_CreatureBehavior\ACR_CreatureBehavior.csproj", "{793BE735-9438-4EBB-93E3-74E84B19841E}"
EndProject
Project("{FAE04EC0-301F-11D3-BF4B-00C04F79EFBC}") = "ACR_EmptyScript", "..\ACR_EmptyScript\ACR_EmptyScript.csproj", "{14C09F2F-4411-42FB-9A0A-A7E011F7129E}"
EndProject
Project("{FAE04EC0-301F-11D3-BF4B-00C04F79EFBC}") = "ACR_ReadRawString", "..\ACR_ReadRawString\ACR_ReadRawString.csproj", "{B27D41BC-5DB7-48E2-8D8B-872AD99665CF}"
EndProject
Project("{FAE04EC0-301F-11D3-BF4B-00C04F79EFBC}") = "ACR_CollectionLib", "..\ACR_CollectionLib\ACR_CollectionLib.csproj", "{C2D3F797-F1BD-46AF-BCB5-4A077A71024E}"
EndProject
Project("{FAE04EC0-301F-11D3-BF4B-00C04F79EFBC}") = "ACR_AssemblyLoader", "..\ACR_AssemblyLoader\ACR_AssemblyLoader.csproj", "{BF9764B5-08BD-4418-A611-30B08ADF7D14}"
	ProjectSection(ProjectDependencies) = postProject
		{1402AB0C-7040-452C-83D0-DAB7BDF08938} = {1402AB0C-7040-452C-83D0-DAB7BDF08938}
	EndProjectSection
EndProject
Project("{FAE04EC0-301F-11D3-BF4B-00C04F79EFBC}") = "ALFA.Shared", "..\ALFA.Shared\ALFA.Shared.csproj", "{1402AB0C-7040-452C-83D0-DAB7BDF08938}"
EndProject
Project("{FAE04EC0-301F-11D3-BF4B-00C04F79EFBC}") = "ACR_Candlekeep", "..\ACR_Candlekeep\ACR_Candlekeep.csproj", "{C0C9E47B-15A2-4F57-9DB9-A530267EE14E}"
EndProject
Project("{FAE04EC0-301F-11D3-BF4B-00C04F79EFBC}") = "ACR_ChooserCreator", "..\ACR_ChooserCreator\ACR_ChooserCreator.csproj", "{40B85EFF-56FA-47FA-9103-70B5EF27F524}"
EndProject
Project("{FAE04EC0-301F-11D3-BF4B-00C04F79EFBC}") = "ACR_Traps", "..\ACR_Traps\ACR_Traps.csproj", "{93EFD897-2CD8-44E0-9498-5C11DBA0D09D}"
EndProject
Global
	GlobalSection(SolutionConfigurationPlatforms) = preSolution
		Debug|Any CPU = Debug|Any CPU
		Release|Any CPU = Release|Any CPU
	EndGlobalSection
	GlobalSection(ProjectConfigurationPlatforms) = postSolution
		{66A9BB91-94AE-4BEC-97F8-5028E1DFD710}.Debug|Any CPU.ActiveCfg = Debug|Any CPU
		{66A9BB91-94AE-4BEC-97F8-5028E1DFD710}.Debug|Any CPU.Build.0 = Debug|Any CPU
		{66A9BB91-94AE-4BEC-97F8-5028E1DFD710}.Release|Any CPU.ActiveCfg = Release|Any CPU
		{66A9BB91-94AE-4BEC-97F8-5028E1DFD710}.Release|Any CPU.Build.0 = Release|Any CPU
		{FE7A3DBB-AAD7-447E-A993-10451C53B6A5}.Debug|Any CPU.ActiveCfg = Debug|Any CPU
		{FE7A3DBB-AAD7-447E-A993-10451C53B6A5}.Debug|Any CPU.Build.0 = Debug|Any CPU
		{FE7A3DBB-AAD7-447E-A993-10451C53B6A5}.Release|Any CPU.ActiveCfg = Release|Any CPU
		{FE7A3DBB-AAD7-447E-A993-10451C53B6A5}.Release|Any CPU.Build.0 = Release|Any CPU
		{51E6A159-1AD5-4C29-8663-A4F28AE8A3DF}.Debug|Any CPU.ActiveCfg = Debug|Any CPU
		{51E6A159-1AD5-4C29-8663-A4F28AE8A3DF}.Debug|Any CPU.Build.0 = Debug|Any CPU
		{51E6A159-1AD5-4C29-8663-A4F28AE8A3DF}.Release|Any CPU.ActiveCfg = Release|Any CPU
		{51E6A159-1AD5-4C29-8663-A4F28AE8A3DF}.Release|Any CPU.Build.0 = Release|Any CPU
		{5250AC91-FA36-4FBD-AB54-5B86CD76EDD0}.Debug|Any CPU.ActiveCfg = Debug|Any CPU
		{5250AC91-FA36-4FBD-AB54-5B86CD76EDD0}.Debug|Any CPU.Build.0 = Debug|Any CPU
		{5250AC91-FA36-4FBD-AB54-5B86CD76EDD0}.Release|Any CPU.ActiveCfg = Release|Any CPU
		{5250AC91-FA36-4FBD-AB54-5B86CD76EDD0}.Release|Any CPU.Build.0 = Release|Any CPU
		{70C3C5E1-4A02-4206-86E9-C1FBEB167303}.Debug|Any CPU.ActiveCfg = Debug|Any CPU
		{70C3C5E1-4A02-4206-86E9-C1FBEB167303}.Debug|Any CPU.Build.0 = Debug|Any CPU
		{70C3C5E1-4A02-4206-86E9-C1FBEB167303}.Release|Any CPU.ActiveCfg = Release|Any CPU
		{70C3C5E1-4A02-4206-86E9-C1FBEB167303}.Release|Any CPU.Build.0 = Release|Any CPU
		{3046731E-6658-4868-8C67-F0BFEDAC41EB}.Debug|Any CPU.ActiveCfg = Debug|Any CPU
		{3046731E-6658-4868-8C67-F0BFEDAC41EB}.Debug|Any CPU.Build.0 = Debug|Any CPU
		{3046731E-6658-4868-8C67-F0BFEDAC41EB}.Release|Any CPU.ActiveCfg = Release|Any CPU
		{3046731E-6658-4868-8C67-F0BFEDAC41EB}.Release|Any CPU.Build.0 = Release|Any CPU
		{793BE735-9438-4EBB-93E3-74E84B19841E}.Debug|Any CPU.ActiveCfg = Debug|Any CPU
		{793BE735-9438-4EBB-93E3-74E84B19841E}.Debug|Any CPU.Build.0 = Debug|Any CPU
		{793BE735-9438-4EBB-93E3-74E84B19841E}.Release|Any CPU.ActiveCfg = Release|Any CPU
		{793BE735-9438-4EBB-93E3-74E84B19841E}.Release|Any CPU.Build.0 = Release|Any CPU
		{14C09F2F-4411-42FB-9A0A-A7E011F7129E}.Debug|Any CPU.ActiveCfg = Debug|Any CPU
		{14C09F2F-4411-42FB-9A0A-A7E011F7129E}.Debug|Any CPU.Build.0 = Debug|Any CPU
		{14C09F2F-4411-42FB-9A0A-A7E011F7129E}.Release|Any CPU.ActiveCfg = Release|Any CPU
		{14C09F2F-4411-42FB-9A0A-A7E011F7129E}.Release|Any CPU.Build.0 = Release|Any CPU
		{B27D41BC-5DB7-48E2-8D8B-872AD99665CF}.Debug|Any CPU.ActiveCfg = Debug|Any CPU
		{B27D41BC-5DB7-48E2-8D8B-872AD99665CF}.Debug|Any CPU.Build.0 = Debug|Any CPU
		{B27D41BC-5DB7-48E2-8D8B-872AD99665CF}.Release|Any CPU.ActiveCfg = Release|Any CPU
		{B27D41BC-5DB7-48E2-8D8B-872AD99665CF}.Release|Any CPU.Build.0 = Release|Any CPU
		{C2D3F797-F1BD-46AF-BCB5-4A077A71024E}.Debug|Any CPU.ActiveCfg = Debug|Any CPU
		{C2D3F797-F1BD-46AF-BCB5-4A077A71024E}.Release|Any CPU.ActiveCfg = Release|Any CPU
		{C2D3F797-F1BD-46AF-BCB5-4A077A71024E}.Release|Any CPU.Build.0 = Release|Any CPU
		{BF9764B5-08BD-4418-A611-30B08ADF7D14}.Debug|Any CPU.ActiveCfg = Debug|Any CPU
		{BF9764B5-08BD-4418-A611-30B08ADF7D14}.Debug|Any CPU.Build.0 = Debug|Any CPU
		{BF9764B5-08BD-4418-A611-30B08ADF7D14}.Release|Any CPU.ActiveCfg = Release|Any CPU
		{BF9764B5-08BD-4418-A611-30B08ADF7D14}.Release|Any CPU.Build.0 = Release|Any CPU
		{1402AB0C-7040-452C-83D0-DAB7BDF08938}.Debug|Any CPU.ActiveCfg = Debug|Any CPU
		{1402AB0C-7040-452C-83D0-DAB7BDF08938}.Debug|Any CPU.Build.0 = Debug|Any CPU
		{1402AB0C-7040-452C-83D0-DAB7BDF08938}.Release|Any CPU.ActiveCfg = Release|Any CPU
		{1402AB0C-7040-452C-83D0-DAB7BDF08938}.Release|Any CPU.Build.0 = Release|Any CPU
		{C0C9E47B-15A2-4F57-9DB9-A530267EE14E}.Debug|Any CPU.ActiveCfg = Debug|Any CPU
		{C0C9E47B-15A2-4F57-9DB9-A530267EE14E}.Debug|Any CPU.Build.0 = Debug|Any CPU
		{C0C9E47B-15A2-4F57-9DB9-A530267EE14E}.Release|Any CPU.ActiveCfg = Release|Any CPU
		{C0C9E47B-15A2-4F57-9DB9-A530267EE14E}.Release|Any CPU.Build.0 = Release|Any CPU
		{40B85EFF-56FA-47FA-9103-70B5EF27F524}.Debug|Any CPU.ActiveCfg = Debug|Any CPU
		{40B85EFF-56FA-47FA-9103-70B5EF27F524}.Debug|Any CPU.Build.0 = Debug|Any CPU
		{40B85EFF-56FA-47FA-9103-70B5EF27F524}.Release|Any CPU.ActiveCfg = Release|Any CPU
		{40B85EFF-56FA-47FA-9103-70B5EF27F524}.Release|Any CPU.Build.0 = Release|Any CPU
		{93EFD897-2CD8-44E0-9498-5C11DBA0D09D}.Debug|Any CPU.ActiveCfg = Debug|Any CPU
		{93EFD897-2CD8-44E0-9498-5C11DBA0D09D}.Debug|Any CPU.Build.0 = Debug|Any CPU
		{93EFD897-2CD8-44E0-9498-5C11DBA0D09D}.Release|Any CPU.ActiveCfg = Release|Any CPU
		{93EFD897-2CD8-44E0-9498-5C11DBA0D09D}.Release|Any CPU.Build.0 = Release|Any CPU
	EndGlobalSection
	GlobalSection(SolutionProperties) = preSolution
		HideSolutionNode = FALSE
	EndGlobalSection
EndGlobal
